// !$*UTF8*$!
{
	archiveVersion = 1;
	classes = {
	};
	objectVersion = 46;
	objects = {

/* Begin PBXBuildFile section */
		E9BF6EC71F6054D0008F6A40 /* RNWikitude.m in Sources */ = {isa = PBXBuildFile; fileRef = E9BF6EC61F6054D0008F6A40 /* RNWikitude.m */; };
		E9BF6EC81F6054D0008F6A40 /* RNWikitude.h in CopyFiles */ = {isa = PBXBuildFile; fileRef = E9BF6EC51F6054D0008F6A40 /* RNWikitude.h */; };
		E9BF6ED61F605527008F6A40 /* ARViewController.m in Sources */ = {isa = PBXBuildFile; fileRef = E9BF6ED51F605527008F6A40 /* ARViewController.m */; };
		E9BF6EDD1F60572C008F6A40 /* WikitudeSDK.framework in Frameworks */ = {isa = PBXBuildFile; fileRef = E9BF6EDC1F60572C008F6A40 /* WikitudeSDK.framework */; };
/* End PBXBuildFile section */

/* Begin PBXCopyFilesBuildPhase section */
		E9BF6EC01F6054D0008F6A40 /* CopyFiles */ = {
			isa = PBXCopyFilesBuildPhase;
			buildActionMask = 2147483647;
			dstPath = "include/$(PRODUCT_NAME)";
			dstSubfolderSpec = 16;
			files = (
				E9BF6EC81F6054D0008F6A40 /* RNWikitude.h in CopyFiles */,
			);
			runOnlyForDeploymentPostprocessing = 0;
		};
/* End PBXCopyFilesBuildPhase section */

/* Begin PBXFileReference section */
		E9BF6EC21F6054D0008F6A40 /* libRNWikitude.a */ = {isa = PBXFileReference; explicitFileType = archive.ar; includeInIndex = 0; path = libRNWikitude.a; sourceTree = BUILT_PRODUCTS_DIR; };
		E9BF6EC51F6054D0008F6A40 /* RNWikitude.h */ = {isa = PBXFileReference; lastKnownFileType = sourcecode.c.h; path = RNWikitude.h; sourceTree = "<group>"; };
		E9BF6EC61F6054D0008F6A40 /* RNWikitude.m */ = {isa = PBXFileReference; lastKnownFileType = sourcecode.c.objc; path = RNWikitude.m; sourceTree = "<group>"; };
		E9BF6ED41F605527008F6A40 /* ARViewController.h */ = {isa = PBXFileReference; fileEncoding = 4; lastKnownFileType = sourcecode.c.h; path = ARViewController.h; sourceTree = "<group>"; };
		E9BF6ED51F605527008F6A40 /* ARViewController.m */ = {isa = PBXFileReference; fileEncoding = 4; lastKnownFileType = sourcecode.c.objc; path = ARViewController.m; sourceTree = "<group>"; };
		E9BF6EDC1F60572C008F6A40 /* WikitudeSDK.framework */ = {isa = PBXFileReference; lastKnownFileType = wrapper.framework; path = WikitudeSDK.framework; sourceTree = "<group>"; };
/* End PBXFileReference section */

/* Begin PBXFrameworksBuildPhase section */
		E9BF6EBF1F6054D0008F6A40 /* Frameworks */ = {
			isa = PBXFrameworksBuildPhase;
			buildActionMask = 2147483647;
			files = (
				E9BF6EDD1F60572C008F6A40 /* WikitudeSDK.framework in Frameworks */,
			);
			runOnlyForDeploymentPostprocessing = 0;
		};
/* End PBXFrameworksBuildPhase section */

/* Begin PBXGroup section */
		E9BF6EB91F6054D0008F6A40 = {
			isa = PBXGroup;
			children = (
				E9BF6EC41F6054D0008F6A40 /* RNWikitude */,
				E9BF6EC31F6054D0008F6A40 /* Products */,
				E9BF6ED71F60553C008F6A40 /* Frameworks */,
			);
			sourceTree = "<group>";
		};
		E9BF6EC31F6054D0008F6A40 /* Products */ = {
			isa = PBXGroup;
			children = (
				E9BF6EC21F6054D0008F6A40 /* libRNWikitude.a */,
			);
			name = Products;
			sourceTree = "<group>";
		};
		E9BF6EC41F6054D0008F6A40 /* RNWikitude */ = {
			isa = PBXGroup;
			children = (
				E9BF6ED41F605527008F6A40 /* ARViewController.h */,
				E9BF6ED51F605527008F6A40 /* ARViewController.m */,
				E9BF6EC51F6054D0008F6A40 /* RNWikitude.h */,
				E9BF6EC61F6054D0008F6A40 /* RNWikitude.m */,
			);
			path = RNWikitude;
			sourceTree = "<group>";
		};
		E9BF6ED71F60553C008F6A40 /* Frameworks */ = {
			isa = PBXGroup;
			children = (
				E9BF6EDC1F60572C008F6A40 /* WikitudeSDK.framework */,
			);
			name = Frameworks;
			sourceTree = "<group>";
		};
/* End PBXGroup section */

/* Begin PBXNativeTarget section */
		E9BF6EC11F6054D0008F6A40 /* RNWikitude */ = {
			isa = PBXNativeTarget;
			buildConfigurationList = E9BF6ECB1F6054D0008F6A40 /* Build configuration list for PBXNativeTarget "RNWikitude" */;
			buildPhases = (
				E9BF6EBE1F6054D0008F6A40 /* Sources */,
				E9BF6EBF1F6054D0008F6A40 /* Frameworks */,
				E9BF6EC01F6054D0008F6A40 /* CopyFiles */,
			);
			buildRules = (
			);
			dependencies = (
			);
			name = RNWikitude;
			productName = RNWikitude;
			productReference = E9BF6EC21F6054D0008F6A40 /* libRNWikitude.a */;
			productType = "com.apple.product-type.library.static";
		};
/* End PBXNativeTarget section */

/* Begin PBXProject section */
		E9BF6EBA1F6054D0008F6A40 /* Project object */ = {
			isa = PBXProject;
			attributes = {
				LastUpgradeCheck = 0830;
				ORGANIZATIONNAME = "Brave Digital";
				TargetAttributes = {
					E9BF6EC11F6054D0008F6A40 = {
						CreatedOnToolsVersion = 8.3.3;
						DevelopmentTeam = 5J5S58ATN7;
						ProvisioningStyle = Automatic;
					};
				};
			};
			buildConfigurationList = E9BF6EBD1F6054D0008F6A40 /* Build configuration list for PBXProject "RNWikitude" */;
			compatibilityVersion = "Xcode 3.2";
			developmentRegion = English;
			hasScannedForEncodings = 0;
			knownRegions = (
				en,
			);
			mainGroup = E9BF6EB91F6054D0008F6A40;
			productRefGroup = E9BF6EC31F6054D0008F6A40 /* Products */;
			projectDirPath = "";
			projectRoot = "";
			targets = (
				E9BF6EC11F6054D0008F6A40 /* RNWikitude */,
			);
		};
/* End PBXProject section */

/* Begin PBXSourcesBuildPhase section */
		E9BF6EBE1F6054D0008F6A40 /* Sources */ = {
			isa = PBXSourcesBuildPhase;
			buildActionMask = 2147483647;
			files = (
				E9BF6EC71F6054D0008F6A40 /* RNWikitude.m in Sources */,
				E9BF6ED61F605527008F6A40 /* ARViewController.m in Sources */,
			);
			runOnlyForDeploymentPostprocessing = 0;
		};
/* End PBXSourcesBuildPhase section */

/* Begin XCBuildConfiguration section */
		E9BF6EC91F6054D0008F6A40 /* Debug */ = {
			isa = XCBuildConfiguration;
			buildSettings = {
				ALWAYS_SEARCH_USER_PATHS = NO;
				CLANG_ANALYZER_NONNULL = YES;
				CLANG_ANALYZER_NUMBER_OBJECT_CONVERSION = YES_AGGRESSIVE;
				CLANG_CXX_LANGUAGE_STANDARD = "gnu++0x";
				CLANG_CXX_LIBRARY = "libc++";
				CLANG_ENABLE_MODULES = YES;
				CLANG_ENABLE_OBJC_ARC = YES;
				CLANG_WARN_BOOL_CONVERSION = YES;
				CLANG_WARN_CONSTANT_CONVERSION = YES;
				CLANG_WARN_DIRECT_OBJC_ISA_USAGE = YES_ERROR;
				CLANG_WARN_DOCUMENTATION_COMMENTS = YES;
				CLANG_WARN_EMPTY_BODY = YES;
				CLANG_WARN_ENUM_CONVERSION = YES;
				CLANG_WARN_INFINITE_RECURSION = YES;
				CLANG_WARN_INT_CONVERSION = YES;
				CLANG_WARN_OBJC_ROOT_CLASS = YES_ERROR;
				CLANG_WARN_SUSPICIOUS_MOVE = YES;
				CLANG_WARN_UNREACHABLE_CODE = YES;
				CLANG_WARN__DUPLICATE_METHOD_MATCH = YES;
				"CODE_SIGN_IDENTITY[sdk=iphoneos*]" = "iPhone Developer";
				COPY_PHASE_STRIP = NO;
				DEBUG_INFORMATION_FORMAT = dwarf;
				ENABLE_STRICT_OBJC_MSGSEND = YES;
				ENABLE_TESTABILITY = YES;
				GCC_C_LANGUAGE_STANDARD = gnu99;
				GCC_DYNAMIC_NO_PIC = NO;
				GCC_NO_COMMON_BLOCKS = YES;
				GCC_OPTIMIZATION_LEVEL = 0;
				GCC_PREPROCESSOR_DEFINITIONS = (
					"DEBUG=1",
					"$(inherited)",
				);
				GCC_WARN_64_TO_32_BIT_CONVERSION = YES;
				GCC_WARN_ABOUT_RETURN_TYPE = YES_ERROR;
				GCC_WARN_UNDECLARED_SELECTOR = YES;
				GCC_WARN_UNINITIALIZED_AUTOS = YES_AGGRESSIVE;
				GCC_WARN_UNUSED_FUNCTION = YES;
				GCC_WARN_UNUSED_VARIABLE = YES;
				IPHONEOS_DEPLOYMENT_TARGET = 9.3;
				MTL_ENABLE_DEBUG_INFO = YES;
				ONLY_ACTIVE_ARCH = YES;
				SDKROOT = iphoneos;
			};
			name = Debug;
		};
		E9BF6ECA1F6054D0008F6A40 /* Release */ = {
			isa = XCBuildConfiguration;
			buildSettings = {
				ALWAYS_SEARCH_USER_PATHS = NO;
				CLANG_ANALYZER_NONNULL = YES;
				CLANG_ANALYZER_NUMBER_OBJECT_CONVERSION = YES_AGGRESSIVE;
				CLANG_CXX_LANGUAGE_STANDARD = "gnu++0x";
				CLANG_CXX_LIBRARY = "libc++";
				CLANG_ENABLE_MODULES = YES;
				CLANG_ENABLE_OBJC_ARC = YES;
				CLANG_WARN_BOOL_CONVERSION = YES;
				CLANG_WARN_CONSTANT_CONVERSION = YES;
				CLANG_WARN_DIRECT_OBJC_ISA_USAGE = YES_ERROR;
				CLANG_WARN_DOCUMENTATION_COMMENTS = YES;
				CLANG_WARN_EMPTY_BODY = YES;
				CLANG_WARN_ENUM_CONVERSION = YES;
				CLANG_WARN_INFINITE_RECURSION = YES;
				CLANG_WARN_INT_CONVERSION = YES;
				CLANG_WARN_OBJC_ROOT_CLASS = YES_ERROR;
				CLANG_WARN_SUSPICIOUS_MOVE = YES;
				CLANG_WARN_UNREACHABLE_CODE = YES;
				CLANG_WARN__DUPLICATE_METHOD_MATCH = YES;
				"CODE_SIGN_IDENTITY[sdk=iphoneos*]" = "iPhone Developer";
				COPY_PHASE_STRIP = NO;
				DEBUG_INFORMATION_FORMAT = "dwarf-with-dsym";
				ENABLE_NS_ASSERTIONS = NO;
				ENABLE_STRICT_OBJC_MSGSEND = YES;
				GCC_C_LANGUAGE_STANDARD = gnu99;
				GCC_NO_COMMON_BLOCKS = YES;
				GCC_WARN_64_TO_32_BIT_CONVERSION = YES;
				GCC_WARN_ABOUT_RETURN_TYPE = YES_ERROR;
				GCC_WARN_UNDECLARED_SELECTOR = YES;
				GCC_WARN_UNINITIALIZED_AUTOS = YES_AGGRESSIVE;
				GCC_WARN_UNUSED_FUNCTION = YES;
				GCC_WARN_UNUSED_VARIABLE = YES;
				IPHONEOS_DEPLOYMENT_TARGET = 9.3;
				MTL_ENABLE_DEBUG_INFO = NO;
				SDKROOT = iphoneos;
				VALIDATE_PRODUCT = YES;
			};
			name = Release;
		};
		E9BF6ECC1F6054D0008F6A40 /* Debug */ = {
			isa = XCBuildConfiguration;
			buildSettings = {
				ALWAYS_SEARCH_USER_PATHS = YES;
				DEVELOPMENT_TEAM = 5J5S58ATN7;
				FRAMEWORK_SEARCH_PATHS = (
					"$(inherited)",
					"$(PROJECT_DIR)",
				);
				OTHER_LDFLAGS = "-ObjC";
				PRODUCT_NAME = "$(TARGET_NAME)";
				SKIP_INSTALL = YES;
				USER_HEADER_SEARCH_PATHS = "$(SRCROOT)../../../ios/**";
			};
			name = Debug;
		};
		E9BF6ECD1F6054D0008F6A40 /* Release */ = {
			isa = XCBuildConfiguration;
			buildSettings = {
				ALWAYS_SEARCH_USER_PATHS = YES;
				DEVELOPMENT_TEAM = 5J5S58ATN7;
				FRAMEWORK_SEARCH_PATHS = (
					"$(inherited)",
					"$(PROJECT_DIR)",
				);
				OTHER_LDFLAGS = "-ObjC";
				PRODUCT_NAME = "$(TARGET_NAME)";
				SKIP_INSTALL = YES;
				USER_HEADER_SEARCH_PATHS = "$(SRCROOT)../../../ios/**";
			};
			name = Release;
		};
/* End XCBuildConfiguration section */

/* Begin XCConfigurationList section */
		E9BF6EBD1F6054D0008F6A40 /* Build configuration list for PBXProject "RNWikitude" */ = {
			isa = XCConfigurationList;
			buildConfigurations = (
				E9BF6EC91F6054D0008F6A40 /* Debug */,
				E9BF6ECA1F6054D0008F6A40 /* Release */,
			);
			defaultConfigurationIsVisible = 0;
			defaultConfigurationName = Release;
		};
		E9BF6ECB1F6054D0008F6A40 /* Build configuration list for PBXNativeTarget "RNWikitude" */ = {
			isa = XCConfigurationList;
			buildConfigurations = (
				E9BF6ECC1F6054D0008F6A40 /* Debug */,
				E9BF6ECD1F6054D0008F6A40 /* Release */,
			);
			defaultConfigurationIsVisible = 0;
			defaultConfigurationName = Release;
		};
/* End XCConfigurationList section */
	};
	rootObject = E9BF6EBA1F6054D0008F6A40 /* Project object */;
}
